
Microsoft Visual Studio Solution File, Format Version 12.00
# Visual Studio Version 16
VisualStudioVersion = 16.0.29411.108
MinimumVisualStudioVersion = 10.0.40219.1
Project("{FAE04EC0-301F-11D3-BF4B-00C04F79EFBC}") = "HW", "HW\HW.csproj", "{2AC64476-0BDE-4A21-9E24-5EF4A5860233}"
EndProject
Global
	GlobalSection(SolutionConfigurationPlatforms) = preSolution
		Debug|Any CPU = Debug|Any CPU
		Release|Any CPU = Release|Any CPU
	EndGlobalSection
	GlobalSection(ProjectConfigurationPlatforms) = postSolution
		{2AC64476-0BDE-4A21-9E24-5EF4A5860233}.Debug|Any CPU.ActiveCfg = Debug|Any CPU
		{2AC64476-0BDE-4A21-9E24-5EF4A5860233}.Debug|Any CPU.Build.0 = Debug|Any CPU
		{2AC64476-0BDE-4A21-9E24-5EF4A5860233}.Release|Any CPU.ActiveCfg = Release|Any CPU
		{2AC64476-0BDE-4A21-9E24-5EF4A5860233}.Release|Any CPU.Build.0 = Release|Any CPU
	EndGlobalSection
	GlobalSection(SolutionProperties) = preSolution
		HideSolutionNode = FALSE
	EndGlobalSection
	GlobalSection(ExtensibilityGlobals) = postSolution
		SolutionGuid = {6B942619-4EEF-4C09-8E74-AB647522FFD7}
	EndGlobalSection
EndGlobal
